{
    "_meta": {
        "hash": {
            "sha256": "82e139362a8fed594b492268742ef646493ed2fa180e12b8f82e026de06b25b2"
        },
        "pipfile-spec": 6,
        "requires": {
            "python_version": "3.9"
        },
        "sources": [
            {
                "name": "pypi",
                "url": "https://pypi.org/simple",
                "verify_ssl": true
            }
        ]
    },
    "default": {},
    "develop": {}
}
